
Microsoft Visual Studio Solution File, Format Version 12.00
# Visual Studio Version 17
VisualStudioVersion = 17.4.33205.214
MinimumVisualStudioVersion = 10.0.40219.1
Project("{FAE04EC0-301F-11D3-BF4B-00C04F79EFBC}") = "AddressBookSystem", "AddressBookSystem.csproj", "{757C3A55-AEF8-477D-B2C9-4CBF1BB56DAD}"
EndProject
Global
	GlobalSection(SolutionConfigurationPlatforms) = preSolution
		Debug|Any CPU = Debug|Any CPU
		Release|Any CPU = Release|Any CPU
	EndGlobalSection
	GlobalSection(ProjectConfigurationPlatforms) = postSolution
		{757C3A55-AEF8-477D-B2C9-4CBF1BB56DAD}.Debug|Any CPU.ActiveCfg = Debug|Any CPU
		{757C3A55-AEF8-477D-B2C9-4CBF1BB56DAD}.Debug|Any CPU.Build.0 = Debug|Any CPU
		{757C3A55-AEF8-477D-B2C9-4CBF1BB56DAD}.Release|Any CPU.ActiveCfg = Release|Any CPU
		{757C3A55-AEF8-477D-B2C9-4CBF1BB56DAD}.Release|Any CPU.Build.0 = Release|Any CPU
	EndGlobalSection
	GlobalSection(SolutionProperties) = preSolution
		HideSolutionNode = FALSE
	EndGlobalSection
	GlobalSection(ExtensibilityGlobals) = postSolution
		SolutionGuid = {B697274C-C595-4C97-B79D-50333EEF6996}
	EndGlobalSection
EndGlobal
